
Microsoft Visual Studio Solution File, Format Version 12.00
# Visual Studio Version 17
VisualStudioVersion = 17.12.35527.113
MinimumVisualStudioVersion = 10.0.40219.1
Project("{2150E333-8FDC-42A3-9474-1A3956D46DE8}") = "Solution Items", "Solution Items", "{02EA681E-C7D8-13C7-8484-4AC65E1B71E8}"
	ProjectSection(SolutionItems) = preProject
		.editorconfig = .editorconfig
		Directory.Build.props = Directory.Build.props
	EndProjectSection
EndProject
Project("{2150E333-8FDC-42A3-9474-1A3956D46DE8}") = "src", "src", "{1768B4F2-DD4B-41D0-8542-B009F5E5793E}"
EndProject
Project("{FAE04EC0-301F-11D3-BF4B-00C04F79EFBC}") = "FileServer", "src\FileServer\FileServer.csproj", "{9591882A-B820-4DA6-B329-035C5F278770}"
EndProject
Project("{2150E333-8FDC-42A3-9474-1A3956D46DE8}") = "tests", "tests", "{91A8FDBC-F7C7-4808-86B8-C3C691291A8E}"
EndProject
Project("{FAE04EC0-301F-11D3-BF4B-00C04F79EFBC}") = "FileServer.Tests", "tests\FileServer.Tests\FileServer.Tests.csproj", "{14795043-6496-45EC-9F01-F6AC4C7F6FB5}"
EndProject
Project("{FAE04EC0-301F-11D3-BF4B-00C04F79EFBC}") = "FileServer.E2ETests", "tests\FileServer.E2ETests\FileServer.E2ETests.csproj", "{DB08B6F2-5885-4262-9C5A-F6049F6625EE}"
EndProject
Global
	GlobalSection(SolutionConfigurationPlatforms) = preSolution
		Debug|Any CPU = Debug|Any CPU
		Release|Any CPU = Release|Any CPU
	EndGlobalSection
	GlobalSection(ProjectConfigurationPlatforms) = postSolution
		{9591882A-B820-4DA6-B329-035C5F278770}.Debug|Any CPU.ActiveCfg = Debug|Any CPU
		{9591882A-B820-4DA6-B329-035C5F278770}.Debug|Any CPU.Build.0 = Debug|Any CPU
		{9591882A-B820-4DA6-B329-035C5F278770}.Release|Any CPU.ActiveCfg = Release|Any CPU
		{9591882A-B820-4DA6-B329-035C5F278770}.Release|Any CPU.Build.0 = Release|Any CPU
		{14795043-6496-45EC-9F01-F6AC4C7F6FB5}.Debug|Any CPU.ActiveCfg = Debug|Any CPU
		{14795043-6496-45EC-9F01-F6AC4C7F6FB5}.Debug|Any CPU.Build.0 = Debug|Any CPU
		{14795043-6496-45EC-9F01-F6AC4C7F6FB5}.Release|Any CPU.ActiveCfg = Release|Any CPU
		{14795043-6496-45EC-9F01-F6AC4C7F6FB5}.Release|Any CPU.Build.0 = Release|Any CPU
		{DB08B6F2-5885-4262-9C5A-F6049F6625EE}.Debug|Any CPU.ActiveCfg = Debug|Any CPU
		{DB08B6F2-5885-4262-9C5A-F6049F6625EE}.Debug|Any CPU.Build.0 = Debug|Any CPU
		{DB08B6F2-5885-4262-9C5A-F6049F6625EE}.Release|Any CPU.ActiveCfg = Release|Any CPU
		{DB08B6F2-5885-4262-9C5A-F6049F6625EE}.Release|Any CPU.Build.0 = Release|Any CPU
	EndGlobalSection
	GlobalSection(SolutionProperties) = preSolution
		HideSolutionNode = FALSE
	EndGlobalSection
	GlobalSection(NestedProjects) = preSolution
		{9591882A-B820-4DA6-B329-035C5F278770} = {1768B4F2-DD4B-41D0-8542-B009F5E5793E}
		{14795043-6496-45EC-9F01-F6AC4C7F6FB5} = {91A8FDBC-F7C7-4808-86B8-C3C691291A8E}
		{DB08B6F2-5885-4262-9C5A-F6049F6625EE} = {91A8FDBC-F7C7-4808-86B8-C3C691291A8E}
	EndGlobalSection
	GlobalSection(ExtensibilityGlobals) = postSolution
		SolutionGuid = {7598BA5B-DDF7-44BA-80DD-E873F51F7A20}
	EndGlobalSection
EndGlobal
